// !$*UTF8*$!
{
	archiveVersion = 1;
	classes = {
	};
	objectVersion = 46;
	objects = {

/* Begin PBXBuildFile section */
		7CFBD0DE8CEB403DA0CF9607 /* libPods.a in Frameworks */ = {isa = PBXBuildFile; fileRef = 72CF50163FA249B2A96AA4F8 /* libPods.a */; };
		AC1EDAC4178A881300301D5F /* UIKit.framework in Frameworks */ = {isa = PBXBuildFile; fileRef = AC1EDAC3178A881300301D5F /* UIKit.framework */; };
		AC1EDAC6178A881300301D5F /* Foundation.framework in Frameworks */ = {isa = PBXBuildFile; fileRef = AC1EDAC5178A881300301D5F /* Foundation.framework */; };
		AC1EDAC8178A881300301D5F /* CoreGraphics.framework in Frameworks */ = {isa = PBXBuildFile; fileRef = AC1EDAC7178A881300301D5F /* CoreGraphics.framework */; };
		AC1EDACE178A881300301D5F /* InfoPlist.strings in Resources */ = {isa = PBXBuildFile; fileRef = AC1EDACC178A881300301D5F /* InfoPlist.strings */; };
		AC1EDAD0178A881300301D5F /* main.m in Sources */ = {isa = PBXBuildFile; fileRef = AC1EDACF178A881300301D5F /* main.m */; };
		AC1EDAD4178A881300301D5F /* AppDelegate.m in Sources */ = {isa = PBXBuildFile; fileRef = AC1EDAD3178A881300301D5F /* AppDelegate.m */; };
		AC1EDAD6178A881300301D5F /* Default.png in Resources */ = {isa = PBXBuildFile; fileRef = AC1EDAD5178A881300301D5F /* Default.png */; };
		AC1EDAD8178A881300301D5F /* Default@2x.png in Resources */ = {isa = PBXBuildFile; fileRef = AC1EDAD7178A881300301D5F /* Default@2x.png */; };
		AC1EDADA178A881300301D5F /* Default-568h@2x.png in Resources */ = {isa = PBXBuildFile; fileRef = AC1EDAD9178A881300301D5F /* Default-568h@2x.png */; };
		AC1EDADD178A881300301D5F /* MainStoryboard.storyboard in Resources */ = {isa = PBXBuildFile; fileRef = AC1EDADB178A881300301D5F /* MainStoryboard.storyboard */; };
		AC1EDAE0178A881300301D5F /* ViewController.m in Sources */ = {isa = PBXBuildFile; fileRef = AC1EDADF178A881300301D5F /* ViewController.m */; };
		AC1EDAEF178A8A7D00301D5F /* MyModel.m in Sources */ = {isa = PBXBuildFile; fileRef = AC1EDAEE178A8A7D00301D5F /* MyModel.m */; };
/* End PBXBuildFile section */

/* Begin PBXFileReference section */
		3CB264C20CD1498F893FCB1E /* Pods/Pods.xcconfig */ = {isa = PBXFileReference; includeInIndex = 1; lastKnownFileType = text.xcconfig; path = Pods/Pods.xcconfig; sourceTree = SOURCE_ROOT; };
		72CF50163FA249B2A96AA4F8 /* libPods.a */ = {isa = PBXFileReference; explicitFileType = archive.ar; includeInIndex = 0; path = libPods.a; sourceTree = BUILT_PRODUCTS_DIR; };
		AC1EDAC0178A881300301D5F /* RACDemo.app */ = {isa = PBXFileReference; explicitFileType = wrapper.application; includeInIndex = 0; path = RACDemo.app; sourceTree = BUILT_PRODUCTS_DIR; };
		AC1EDAC3178A881300301D5F /* UIKit.framework */ = {isa = PBXFileReference; lastKnownFileType = wrapper.framework; name = UIKit.framework; path = System/Library/Frameworks/UIKit.framework; sourceTree = SDKROOT; };
		AC1EDAC5178A881300301D5F /* Foundation.framework */ = {isa = PBXFileReference; lastKnownFileType = wrapper.framework; name = Foundation.framework; path = System/Library/Frameworks/Foundation.framework; sourceTree = SDKROOT; };
		AC1EDAC7178A881300301D5F /* CoreGraphics.framework */ = {isa = PBXFileReference; lastKnownFileType = wrapper.framework; name = CoreGraphics.framework; path = System/Library/Frameworks/CoreGraphics.framework; sourceTree = SDKROOT; };
		AC1EDACB178A881300301D5F /* RACDemo-Info.plist */ = {isa = PBXFileReference; lastKnownFileType = text.plist.xml; path = "RACDemo-Info.plist"; sourceTree = "<group>"; };
		AC1EDACD178A881300301D5F /* en */ = {isa = PBXFileReference; lastKnownFileType = text.plist.strings; name = en; path = en.lproj/InfoPlist.strings; sourceTree = "<group>"; };
		AC1EDACF178A881300301D5F /* main.m */ = {isa = PBXFileReference; lastKnownFileType = sourcecode.c.objc; path = main.m; sourceTree = "<group>"; };
		AC1EDAD1178A881300301D5F /* RACDemo-Prefix.pch */ = {isa = PBXFileReference; lastKnownFileType = sourcecode.c.h; path = "RACDemo-Prefix.pch"; sourceTree = "<group>"; };
		AC1EDAD2178A881300301D5F /* AppDelegate.h */ = {isa = PBXFileReference; lastKnownFileType = sourcecode.c.h; path = AppDelegate.h; sourceTree = "<group>"; };
		AC1EDAD3178A881300301D5F /* AppDelegate.m */ = {isa = PBXFileReference; lastKnownFileType = sourcecode.c.objc; path = AppDelegate.m; sourceTree = "<group>"; };
		AC1EDAD5178A881300301D5F /* Default.png */ = {isa = PBXFileReference; lastKnownFileType = image.png; path = Default.png; sourceTree = "<group>"; };
		AC1EDAD7178A881300301D5F /* Default@2x.png */ = {isa = PBXFileReference; lastKnownFileType = image.png; path = "Default@2x.png"; sourceTree = "<group>"; };
		AC1EDAD9178A881300301D5F /* Default-568h@2x.png */ = {isa = PBXFileReference; lastKnownFileType = image.png; path = "Default-568h@2x.png"; sourceTree = "<group>"; };
		AC1EDADC178A881300301D5F /* en */ = {isa = PBXFileReference; lastKnownFileType = file.storyboard; name = en; path = en.lproj/MainStoryboard.storyboard; sourceTree = "<group>"; };
		AC1EDADE178A881300301D5F /* ViewController.h */ = {isa = PBXFileReference; lastKnownFileType = sourcecode.c.h; path = ViewController.h; sourceTree = "<group>"; };
		AC1EDADF178A881300301D5F /* ViewController.m */ = {isa = PBXFileReference; lastKnownFileType = sourcecode.c.objc; path = ViewController.m; sourceTree = "<group>"; };
		AC1EDAED178A8A7D00301D5F /* MyModel.h */ = {isa = PBXFileReference; fileEncoding = 4; lastKnownFileType = sourcecode.c.h; path = MyModel.h; sourceTree = "<group>"; };
		AC1EDAEE178A8A7D00301D5F /* MyModel.m */ = {isa = PBXFileReference; fileEncoding = 4; lastKnownFileType = sourcecode.c.objc; path = MyModel.m; sourceTree = "<group>"; };
/* End PBXFileReference section */

/* Begin PBXFrameworksBuildPhase section */
		AC1EDABD178A881300301D5F /* Frameworks */ = {
			isa = PBXFrameworksBuildPhase;
			buildActionMask = 2147483647;
			files = (
				AC1EDAC4178A881300301D5F /* UIKit.framework in Frameworks */,
				AC1EDAC6178A881300301D5F /* Foundation.framework in Frameworks */,
				AC1EDAC8178A881300301D5F /* CoreGraphics.framework in Frameworks */,
				7CFBD0DE8CEB403DA0CF9607 /* libPods.a in Frameworks */,
			);
			runOnlyForDeploymentPostprocessing = 0;
		};
/* End PBXFrameworksBuildPhase section */

/* Begin PBXGroup section */
		AC1EDAB7178A881300301D5F = {
			isa = PBXGroup;
			children = (
				AC1EDAC9178A881300301D5F /* RACDemo */,
				AC1EDAC2178A881300301D5F /* Frameworks */,
				AC1EDAC1178A881300301D5F /* Products */,
				3CB264C20CD1498F893FCB1E /* Pods/Pods.xcconfig */,
			);
			sourceTree = "<group>";
		};
		AC1EDAC1178A881300301D5F /* Products */ = {
			isa = PBXGroup;
			children = (
				AC1EDAC0178A881300301D5F /* RACDemo.app */,
			);
			name = Products;
			sourceTree = "<group>";
		};
		AC1EDAC2178A881300301D5F /* Frameworks */ = {
			isa = PBXGroup;
			children = (
				AC1EDAC3178A881300301D5F /* UIKit.framework */,
				AC1EDAC5178A881300301D5F /* Foundation.framework */,
				AC1EDAC7178A881300301D5F /* CoreGraphics.framework */,
				72CF50163FA249B2A96AA4F8 /* libPods.a */,
			);
			name = Frameworks;
			sourceTree = "<group>";
		};
		AC1EDAC9178A881300301D5F /* RACDemo */ = {
			isa = PBXGroup;
			children = (
				AC1EDAD2178A881300301D5F /* AppDelegate.h */,
				AC1EDAD3178A881300301D5F /* AppDelegate.m */,
				AC1EDADB178A881300301D5F /* MainStoryboard.storyboard */,
				AC1EDADE178A881300301D5F /* ViewController.h */,
				AC1EDADF178A881300301D5F /* ViewController.m */,
				AC1EDACA178A881300301D5F /* Supporting Files */,
				AC1EDAED178A8A7D00301D5F /* MyModel.h */,
				AC1EDAEE178A8A7D00301D5F /* MyModel.m */,
			);
			path = RACDemo;
			sourceTree = "<group>";
		};
		AC1EDACA178A881300301D5F /* Supporting Files */ = {
			isa = PBXGroup;
			children = (
				AC1EDACB178A881300301D5F /* RACDemo-Info.plist */,
				AC1EDACC178A881300301D5F /* InfoPlist.strings */,
				AC1EDACF178A881300301D5F /* main.m */,
				AC1EDAD1178A881300301D5F /* RACDemo-Prefix.pch */,
				AC1EDAD5178A881300301D5F /* Default.png */,
				AC1EDAD7178A881300301D5F /* Default@2x.png */,
				AC1EDAD9178A881300301D5F /* Default-568h@2x.png */,
			);
			name = "Supporting Files";
			sourceTree = "<group>";
		};
/* End PBXGroup section */

/* Begin PBXNativeTarget section */
		AC1EDABF178A881300301D5F /* RACDemo */ = {
			isa = PBXNativeTarget;
			buildConfigurationList = AC1EDAE3178A881300301D5F /* Build configuration list for PBXNativeTarget "RACDemo" */;
			buildPhases = (
				0784D65DCD2B4F3B89D2DF62 /* Check Pods Manifest.lock */,
				AC1EDABC178A881300301D5F /* Sources */,
				AC1EDABD178A881300301D5F /* Frameworks */,
				AC1EDABE178A881300301D5F /* Resources */,
				7BFC09B306274D7CA82D1522 /* Copy Pods Resources */,
			);
			buildRules = (
			);
			dependencies = (
			);
			name = RACDemo;
			productName = RACDemo;
			productReference = AC1EDAC0178A881300301D5F /* RACDemo.app */;
			productType = "com.apple.product-type.application";
		};
/* End PBXNativeTarget section */

/* Begin PBXProject section */
		AC1EDAB8178A881300301D5F /* Project object */ = {
			isa = PBXProject;
			attributes = {
				LastUpgradeCheck = 0460;
				ORGANIZATIONNAME = Mario;
			};
			buildConfigurationList = AC1EDABB178A881300301D5F /* Build configuration list for PBXProject "RACDemo" */;
			compatibilityVersion = "Xcode 3.2";
			developmentRegion = English;
			hasScannedForEncodings = 0;
			knownRegions = (
				en,
			);
			mainGroup = AC1EDAB7178A881300301D5F;
			productRefGroup = AC1EDAC1178A881300301D5F /* Products */;
			projectDirPath = "";
			projectRoot = "";
			targets = (
				AC1EDABF178A881300301D5F /* RACDemo */,
			);
		};
/* End PBXProject section */

/* Begin PBXResourcesBuildPhase section */
		AC1EDABE178A881300301D5F /* Resources */ = {
			isa = PBXResourcesBuildPhase;
			buildActionMask = 2147483647;
			files = (
				AC1EDACE178A881300301D5F /* InfoPlist.strings in Resources */,
				AC1EDAD6178A881300301D5F /* Default.png in Resources */,
				AC1EDAD8178A881300301D5F /* Default@2x.png in Resources */,
				AC1EDADA178A881300301D5F /* Default-568h@2x.png in Resources */,
				AC1EDADD178A881300301D5F /* MainStoryboard.storyboard in Resources */,
			);
			runOnlyForDeploymentPostprocessing = 0;
		};
/* End PBXResourcesBuildPhase section */

/* Begin PBXShellScriptBuildPhase section */
		0784D65DCD2B4F3B89D2DF62 /* Check Pods Manifest.lock */ = {
			isa = PBXShellScriptBuildPhase;
			buildActionMask = 2147483647;
			files = (
			);
			inputPaths = (
			);
			name = "Check Pods Manifest.lock";
			outputPaths = (
			);
			runOnlyForDeploymentPostprocessing = 0;
			shellPath = /bin/sh;
			shellScript = "diff \"${PODS_ROOT}/../Podfile.lock\" \"${PODS_ROOT}/Manifest.lock\" > /dev/null\nif [[ $? != 0 ]] ; then\n    cat << EOM\nerror: The sandbox is not in sync with the Podfile.lock. Run 'pod install' or update your CocoaPods installation.\nEOM\n    exit 1\nfi\n";
			showEnvVarsInLog = 0;
		};
		7BFC09B306274D7CA82D1522 /* Copy Pods Resources */ = {
			isa = PBXShellScriptBuildPhase;
			buildActionMask = 2147483647;
			files = (
			);
			inputPaths = (
			);
			name = "Copy Pods Resources";
			outputPaths = (
			);
			runOnlyForDeploymentPostprocessing = 0;
			shellPath = /bin/sh;
			shellScript = "\"${SRCROOT}/Pods/Pods-resources.sh\"\n";
			showEnvVarsInLog = 0;
		};
/* End PBXShellScriptBuildPhase section */

/* Begin PBXSourcesBuildPhase section */
		AC1EDABC178A881300301D5F /* Sources */ = {
			isa = PBXSourcesBuildPhase;
			buildActionMask = 2147483647;
			files = (
				AC1EDAD0178A881300301D5F /* main.m in Sources */,
				AC1EDAD4178A881300301D5F /* AppDelegate.m in Sources */,
				AC1EDAE0178A881300301D5F /* ViewController.m in Sources */,
				AC1EDAEF178A8A7D00301D5F /* MyModel.m in Sources */,
			);
			runOnlyForDeploymentPostprocessing = 0;
		};
/* End PBXSourcesBuildPhase section */

/* Begin PBXVariantGroup section */
		AC1EDACC178A881300301D5F /* InfoPlist.strings */ = {
			isa = PBXVariantGroup;
			children = (
				AC1EDACD178A881300301D5F /* en */,
			);
			name = InfoPlist.strings;
			sourceTree = "<group>";
		};
		AC1EDADB178A881300301D5F /* MainStoryboard.storyboard */ = {
			isa = PBXVariantGroup;
			children = (
				AC1EDADC178A881300301D5F /* en */,
			);
			name = MainStoryboard.storyboard;
			sourceTree = "<group>";
		};
/* End PBXVariantGroup section */

/* Begin XCBuildConfiguration section */
		AC1EDAE1178A881300301D5F /* Debug */ = {
			isa = XCBuildConfiguration;
			buildSettings = {
				ALWAYS_SEARCH_USER_PATHS = NO;
				CLANG_CXX_LANGUAGE_STANDARD = "gnu++0x";
				CLANG_CXX_LIBRARY = "libc++";
				CLANG_ENABLE_OBJC_ARC = YES;
				CLANG_WARN_CONSTANT_CONVERSION = YES;
				CLANG_WARN_EMPTY_BODY = YES;
				CLANG_WARN_ENUM_CONVERSION = YES;
				CLANG_WARN_INT_CONVERSION = YES;
				CLANG_WARN__DUPLICATE_METHOD_MATCH = YES;
				"CODE_SIGN_IDENTITY[sdk=iphoneos*]" = "iPhone Developer";
				COPY_PHASE_STRIP = NO;
				GCC_C_LANGUAGE_STANDARD = gnu99;
				GCC_DYNAMIC_NO_PIC = NO;
				GCC_OPTIMIZATION_LEVEL = 0;
				GCC_PREPROCESSOR_DEFINITIONS = (
					"DEBUG=1",
					"$(inherited)",
				);
				GCC_SYMBOLS_PRIVATE_EXTERN = NO;
				GCC_WARN_ABOUT_RETURN_TYPE = YES;
				GCC_WARN_UNINITIALIZED_AUTOS = YES;
				GCC_WARN_UNUSED_VARIABLE = YES;
				IPHONEOS_DEPLOYMENT_TARGET = 6.1;
				ONLY_ACTIVE_ARCH = YES;
				SDKROOT = iphoneos;
			};
			name = Debug;
		};
		AC1EDAE2178A881300301D5F /* Release */ = {
			isa = XCBuildConfiguration;
			buildSettings = {
				ALWAYS_SEARCH_USER_PATHS = NO;
				CLANG_CXX_LANGUAGE_STANDARD = "gnu++0x";
				CLANG_CXX_LIBRARY = "libc++";
				CLANG_ENABLE_OBJC_ARC = YES;
				CLANG_WARN_CONSTANT_CONVERSION = YES;
				CLANG_WARN_EMPTY_BODY = YES;
				CLANG_WARN_ENUM_CONVERSION = YES;
				CLANG_WARN_INT_CONVERSION = YES;
				CLANG_WARN__DUPLICATE_METHOD_MATCH = YES;
				"CODE_SIGN_IDENTITY[sdk=iphoneos*]" = "iPhone Developer";
				COPY_PHASE_STRIP = YES;
				GCC_C_LANGUAGE_STANDARD = gnu99;
				GCC_WARN_ABOUT_RETURN_TYPE = YES;
				GCC_WARN_UNINITIALIZED_AUTOS = YES;
				GCC_WARN_UNUSED_VARIABLE = YES;
				IPHONEOS_DEPLOYMENT_TARGET = 6.1;
				OTHER_CFLAGS = "-DNS_BLOCK_ASSERTIONS=1";
				SDKROOT = iphoneos;
				VALIDATE_PRODUCT = YES;
			};
			name = Release;
		};
		AC1EDAE4178A881300301D5F /* Debug */ = {
			isa = XCBuildConfiguration;
			baseConfigurationReference = 3CB264C20CD1498F893FCB1E /* Pods/Pods.xcconfig */;
			buildSettings = {
				GCC_PRECOMPILE_PREFIX_HEADER = YES;
				GCC_PREFIX_HEADER = "RACDemo/RACDemo-Prefix.pch";
				INFOPLIST_FILE = "RACDemo/RACDemo-Info.plist";
				PRODUCT_NAME = "$(TARGET_NAME)";
				WRAPPER_EXTENSION = app;
			};
			name = Debug;
		};
		AC1EDAE5178A881300301D5F /* Release */ = {
			isa = XCBuildConfiguration;
			baseConfigurationReference = 3CB264C20CD1498F893FCB1E /* Pods/Pods.xcconfig */;
			buildSettings = {
				GCC_PRECOMPILE_PREFIX_HEADER = YES;
				GCC_PREFIX_HEADER = "RACDemo/RACDemo-Prefix.pch";
				INFOPLIST_FILE = "RACDemo/RACDemo-Info.plist";
				PRODUCT_NAME = "$(TARGET_NAME)";
				WRAPPER_EXTENSION = app;
			};
			name = Release;
		};
/* End XCBuildConfiguration section */

/* Begin XCConfigurationList section */
		AC1EDABB178A881300301D5F /* Build configuration list for PBXProject "RACDemo" */ = {
			isa = XCConfigurationList;
			buildConfigurations = (
				AC1EDAE1178A881300301D5F /* Debug */,
				AC1EDAE2178A881300301D5F /* Release */,
			);
			defaultConfigurationIsVisible = 0;
			defaultConfigurationName = Release;
		};
		AC1EDAE3178A881300301D5F /* Build configuration list for PBXNativeTarget "RACDemo" */ = {
			isa = XCConfigurationList;
			buildConfigurations = (
				AC1EDAE4178A881300301D5F /* Debug */,
				AC1EDAE5178A881300301D5F /* Release */,
			);
			defaultConfigurationIsVisible = 0;
			defaultConfigurationName = Release;
		};
/* End XCConfigurationList section */
	};
	rootObject = AC1EDAB8178A881300301D5F /* Project object */;
}
